
Microsoft Visual Studio Solution File, Format Version 12.00
# Visual Studio 2012
Project("{FAE04EC0-301F-11D3-BF4B-00C04F79EFBC}") = "MetroXP", "MetroXP\MetroXP.csproj", "{D61958E3-5C47-4EE6-9792-82401AACE04F}"
EndProject
Project("{2150E333-8FDC-42A3-9474-1A3956D46DE8}") = ".nuget", ".nuget", "{E727EF93-2E17-4F00-9180-2FDA3EF77132}"
	ProjectSection(SolutionItems) = preProject
		.nuget\NuGet.Config = .nuget\NuGet.Config
		.nuget\NuGet.exe = .nuget\NuGet.exe
		.nuget\NuGet.targets = .nuget\NuGet.targets
	EndProjectSection
EndProject
Global
	GlobalSection(TeamFoundationVersionControl) = preSolution
		SccNumberOfProjects = 2
		SccEnterpriseProvider = {4CA58AB2-18FA-4F8D-95D4-32DDF27D184C}
		SccTeamFoundationServer = https://beyondsoftware.visualstudio.com/defaultcollection
		SccLocalPath0 = .
		SccProjectUniqueName1 = MetroXP\\MetroXP.csproj
		SccProjectName1 = MetroXP
		SccLocalPath1 = MetroXP
	EndGlobalSection
	GlobalSection(SolutionConfigurationPlatforms) = preSolution
		Debug|Any CPU = Debug|Any CPU
		Release|Any CPU = Release|Any CPU
	EndGlobalSection
	GlobalSection(ProjectConfigurationPlatforms) = postSolution
		{D61958E3-5C47-4EE6-9792-82401AACE04F}.Debug|Any CPU.ActiveCfg = Debug|Any CPU
		{D61958E3-5C47-4EE6-9792-82401AACE04F}.Debug|Any CPU.Build.0 = Debug|Any CPU
		{D61958E3-5C47-4EE6-9792-82401AACE04F}.Release|Any CPU.ActiveCfg = Release|Any CPU
		{D61958E3-5C47-4EE6-9792-82401AACE04F}.Release|Any CPU.Build.0 = Release|Any CPU
	EndGlobalSection
	GlobalSection(SolutionProperties) = preSolution
		HideSolutionNode = FALSE
	EndGlobalSection
EndGlobal
